{
  "object": {
    "pins": [
      {
        "package": "SudokuKit",
        "repositoryURL": "git@github.com:esthervanenckevort/SudokuKit.git",
        "state": {
          "branch": null,
          "revision": "0fe92d15422fccefc3b457478ba064679a90838d",
          "version": "0.4.0"
        }
      }
    ]
  },
  "version": 1
}
