{
  "object": {
    "pins": [
      {
        "package": "SudokuKit",
        "repositoryURL": "git@github.com:esthervanenckevort/SudokuKit.git",
        "state": {
          "branch": null,
          "revision": "a949537c8d3e89f844c409bb212c66fae0e1ae6a",
          "version": "0.6.1"
        }
      }
    ]
  },
  "version": 1
}
